// !$*UTF8*$!
{
	archiveVersion = 1;
	classes = {
	};
	objectVersion = 56;
	objects = {

/* Begin PBXBuildFile section */
		671151942AA8ADAA0099C40B /* Secrets.swift in Sources */ = {isa = PBXBuildFile; fileRef = 671151932AA8ADAA0099C40B /* Secrets.swift */; };
		4C1814AA2AA9D6930026ADD3 /* Secrets.swift in Sources */ = {isa = PBXBuildFile; fileRef = 4C1814A92AA9D6930026ADD3 /* Secrets.swift */; };
		4C1814AC2AA9DAA00026ADD3 /* MainPageCell.swift in Sources */ = {isa = PBXBuildFile; fileRef = 4C1814AB2AA9DAA00026ADD3 /* MainPageCell.swift */; };
		4C1814AE2AA9DCBE0026ADD3 /* MainPageHeaderView.swift in Sources */ = {isa = PBXBuildFile; fileRef = 4C1814AD2AA9DCBE0026ADD3 /* MainPageHeaderView.swift */; };
		6713028D2AA5F54B00C5B0EE /* TableViewCell.swift in Sources */ = {isa = PBXBuildFile; fileRef = 6713028C2AA5F54B00C5B0EE /* TableViewCell.swift */; };
		6713028F2AA5F69E00C5B0EE /* ProfileModel.swift in Sources */ = {isa = PBXBuildFile; fileRef = 6713028E2AA5F69E00C5B0EE /* ProfileModel.swift */; };
		67EE45F62AA6303600CFD729 /* HeaderTableViewCell.swift in Sources */ = {isa = PBXBuildFile; fileRef = 67EE45F52AA6303600CFD729 /* HeaderTableViewCell.swift */; };
		67EE45F82AA6B89D00CFD729 /* EditViewController.swift in Sources */ = {isa = PBXBuildFile; fileRef = 67EE45F72AA6B89D00CFD729 /* EditViewController.swift */; };
		67EE45FB2AA6DFC500CFD729 /* UserModel.swift in Sources */ = {isa = PBXBuildFile; fileRef = 67EE45FA2AA6DFC500CFD729 /* UserModel.swift */; };
		67EE45FD2AA6E01900CFD729 /* UserDataManager.swift in Sources */ = {isa = PBXBuildFile; fileRef = 67EE45FC2AA6E01900CFD729 /* UserDataManager.swift */; };
		67EE45FF2AA708EF00CFD729 /* BottomTableViewCell.swift in Sources */ = {isa = PBXBuildFile; fileRef = 67EE45FE2AA708EF00CFD729 /* BottomTableViewCell.swift */; };
		ECF5DC782AA9892B00D179A3 /* WebKit.framework in Frameworks */ = {isa = PBXBuildFile; fileRef = ECF5DC772AA9892B00D179A3 /* WebKit.framework */; };
		ECF5DC7A2AA98B5D00D179A3 /* DetailPage.storyboard in Resources */ = {isa = PBXBuildFile; fileRef = ECF5DC792AA98B5D00D179A3 /* DetailPage.storyboard */; };
		FB6F8BFD2AA8154A001EAEBB /* YoutubeApiModel.swift in Sources */ = {isa = PBXBuildFile; fileRef = FB6F8BFC2AA8154A001EAEBB /* YoutubeApiModel.swift */; };
		FB6F8BFF2AA81C72001EAEBB /* YoutubeApiManager.swift in Sources */ = {isa = PBXBuildFile; fileRef = FB6F8BFE2AA81C72001EAEBB /* YoutubeApiManager.swift */; };
		FB6F8C052AA85E84001EAEBB /* YoutubePage.storyboard in Resources */ = {isa = PBXBuildFile; fileRef = FB6F8C042AA85E84001EAEBB /* YoutubePage.storyboard */; };
		FB6F8C072AA85E9D001EAEBB /* YoutubePage.swift in Sources */ = {isa = PBXBuildFile; fileRef = FB6F8C062AA85E9D001EAEBB /* YoutubePage.swift */; };
		FB6F8C092AA86EE3001EAEBB /* YoutubeCell.swift in Sources */ = {isa = PBXBuildFile; fileRef = FB6F8C082AA86EE3001EAEBB /* YoutubeCell.swift */; };
		FB6FCB932AA5E2900099DA49 /* Color+Extension.swift in Sources */ = {isa = PBXBuildFile; fileRef = FB6FCB922AA5E2900099DA49 /* Color+Extension.swift */; };
		FB6FCB952AA623720099DA49 /* RegisterPage.swift in Sources */ = {isa = PBXBuildFile; fileRef = FB6FCB942AA623720099DA49 /* RegisterPage.swift */; };
		FBBFD5312AA56D9F00F3757C /* AppDelegate.swift in Sources */ = {isa = PBXBuildFile; fileRef = FBBFD5302AA56D9F00F3757C /* AppDelegate.swift */; };
		FBBFD5332AA56D9F00F3757C /* SceneDelegate.swift in Sources */ = {isa = PBXBuildFile; fileRef = FBBFD5322AA56D9F00F3757C /* SceneDelegate.swift */; };
		FBBFD5352AA56D9F00F3757C /* ViewController.swift in Sources */ = {isa = PBXBuildFile; fileRef = FBBFD5342AA56D9F00F3757C /* ViewController.swift */; };
		FBBFD5382AA56D9F00F3757C /* Main.storyboard in Resources */ = {isa = PBXBuildFile; fileRef = FBBFD5362AA56D9F00F3757C /* Main.storyboard */; };
		FBBFD53A2AA56D9F00F3757C /* Assets.xcassets in Resources */ = {isa = PBXBuildFile; fileRef = FBBFD5392AA56D9F00F3757C /* Assets.xcassets */; };
		FBBFD53D2AA56D9F00F3757C /* LaunchScreen.storyboard in Resources */ = {isa = PBXBuildFile; fileRef = FBBFD53B2AA56D9F00F3757C /* LaunchScreen.storyboard */; };
		FBC0CF5F2AA57339006E3197 /* MainPage.storyboard in Resources */ = {isa = PBXBuildFile; fileRef = FBC0CF5E2AA57339006E3197 /* MainPage.storyboard */; };
		FBC0CF612AA57349006E3197 /* MainPageViewController.swift in Sources */ = {isa = PBXBuildFile; fileRef = FBC0CF602AA57349006E3197 /* MainPageViewController.swift */; };
		FBC0CF662AA57471006E3197 /* DetailPageViewController.swift in Sources */ = {isa = PBXBuildFile; fileRef = FBC0CF652AA57471006E3197 /* DetailPageViewController.swift */; };
		FBC0CF682AA575AA006E3197 /* ProfilePageViewController.swift in Sources */ = {isa = PBXBuildFile; fileRef = FBC0CF672AA575AA006E3197 /* ProfilePageViewController.swift */; };
		FBC0CF6B2AA575E0006E3197 /* ProfilePage.storyboard in Resources */ = {isa = PBXBuildFile; fileRef = FBC0CF6A2AA575E0006E3197 /* ProfilePage.storyboard */; };
		FBC0CF6E2AA5782F006E3197 /* LoginPage.storyboard in Resources */ = {isa = PBXBuildFile; fileRef = FBC0CF6D2AA5782F006E3197 /* LoginPage.storyboard */; };
		FBC0CF702AA57839006E3197 /* LoginPage.swift in Sources */ = {isa = PBXBuildFile; fileRef = FBC0CF6F2AA57839006E3197 /* LoginPage.swift */; };
		FBC9AF212AA6C244000F25F0 /* String +.swift in Sources */ = {isa = PBXBuildFile; fileRef = FBC9AF202AA6C244000F25F0 /* String +.swift */; };
/* End PBXBuildFile section */

/* Begin PBXFileReference section */
		671151932AA8ADAA0099C40B /* Secrets.swift */ = {isa = PBXFileReference; fileEncoding = 4; lastKnownFileType = sourcecode.swift; path = Secrets.swift; sourceTree = "<group>"; };
		4C1814A92AA9D6930026ADD3 /* Secrets.swift */ = {isa = PBXFileReference; lastKnownFileType = sourcecode.swift; path = Secrets.swift; sourceTree = "<group>"; };
		4C1814AB2AA9DAA00026ADD3 /* MainPageCell.swift */ = {isa = PBXFileReference; lastKnownFileType = sourcecode.swift; path = MainPageCell.swift; sourceTree = "<group>"; };
		4C1814AD2AA9DCBE0026ADD3 /* MainPageHeaderView.swift */ = {isa = PBXFileReference; lastKnownFileType = sourcecode.swift; path = MainPageHeaderView.swift; sourceTree = "<group>"; };
		6713028C2AA5F54B00C5B0EE /* TableViewCell.swift */ = {isa = PBXFileReference; lastKnownFileType = sourcecode.swift; path = TableViewCell.swift; sourceTree = "<group>"; };
		6713028E2AA5F69E00C5B0EE /* ProfileModel.swift */ = {isa = PBXFileReference; lastKnownFileType = sourcecode.swift; path = ProfileModel.swift; sourceTree = "<group>"; };
		67EE45F52AA6303600CFD729 /* HeaderTableViewCell.swift */ = {isa = PBXFileReference; lastKnownFileType = sourcecode.swift; path = HeaderTableViewCell.swift; sourceTree = "<group>"; };
		67EE45F72AA6B89D00CFD729 /* EditViewController.swift */ = {isa = PBXFileReference; lastKnownFileType = sourcecode.swift; path = EditViewController.swift; sourceTree = "<group>"; };
		67EE45FA2AA6DFC500CFD729 /* UserModel.swift */ = {isa = PBXFileReference; lastKnownFileType = sourcecode.swift; path = UserModel.swift; sourceTree = "<group>"; };
		67EE45FC2AA6E01900CFD729 /* UserDataManager.swift */ = {isa = PBXFileReference; lastKnownFileType = sourcecode.swift; path = UserDataManager.swift; sourceTree = "<group>"; };
		67EE45FE2AA708EF00CFD729 /* BottomTableViewCell.swift */ = {isa = PBXFileReference; lastKnownFileType = sourcecode.swift; path = BottomTableViewCell.swift; sourceTree = "<group>"; };
		ECF5DC772AA9892B00D179A3 /* WebKit.framework */ = {isa = PBXFileReference; lastKnownFileType = wrapper.framework; name = WebKit.framework; path = System/Library/Frameworks/WebKit.framework; sourceTree = SDKROOT; };
		ECF5DC792AA98B5D00D179A3 /* DetailPage.storyboard */ = {isa = PBXFileReference; lastKnownFileType = file.storyboard; path = DetailPage.storyboard; sourceTree = "<group>"; };
		FB6F8BFC2AA8154A001EAEBB /* YoutubeApiModel.swift */ = {isa = PBXFileReference; lastKnownFileType = sourcecode.swift; path = YoutubeApiModel.swift; sourceTree = "<group>"; };
		FB6F8BFE2AA81C72001EAEBB /* YoutubeApiManager.swift */ = {isa = PBXFileReference; lastKnownFileType = sourcecode.swift; path = YoutubeApiManager.swift; sourceTree = "<group>"; };
		FB6F8C042AA85E84001EAEBB /* YoutubePage.storyboard */ = {isa = PBXFileReference; lastKnownFileType = file.storyboard; path = YoutubePage.storyboard; sourceTree = "<group>"; };
		FB6F8C062AA85E9D001EAEBB /* YoutubePage.swift */ = {isa = PBXFileReference; lastKnownFileType = sourcecode.swift; path = YoutubePage.swift; sourceTree = "<group>"; };
		FB6F8C082AA86EE3001EAEBB /* YoutubeCell.swift */ = {isa = PBXFileReference; lastKnownFileType = sourcecode.swift; path = YoutubeCell.swift; sourceTree = "<group>"; };
		FB6FCB922AA5E2900099DA49 /* Color+Extension.swift */ = {isa = PBXFileReference; lastKnownFileType = sourcecode.swift; path = "Color+Extension.swift"; sourceTree = "<group>"; };
		FB6FCB942AA623720099DA49 /* RegisterPage.swift */ = {isa = PBXFileReference; lastKnownFileType = sourcecode.swift; path = RegisterPage.swift; sourceTree = "<group>"; };
		FBBFD52D2AA56D9F00F3757C /* YoutubeCloneApp.app */ = {isa = PBXFileReference; explicitFileType = wrapper.application; includeInIndex = 0; path = YoutubeCloneApp.app; sourceTree = BUILT_PRODUCTS_DIR; };
		FBBFD5302AA56D9F00F3757C /* AppDelegate.swift */ = {isa = PBXFileReference; lastKnownFileType = sourcecode.swift; path = AppDelegate.swift; sourceTree = "<group>"; };
		FBBFD5322AA56D9F00F3757C /* SceneDelegate.swift */ = {isa = PBXFileReference; lastKnownFileType = sourcecode.swift; path = SceneDelegate.swift; sourceTree = "<group>"; };
		FBBFD5342AA56D9F00F3757C /* ViewController.swift */ = {isa = PBXFileReference; lastKnownFileType = sourcecode.swift; path = ViewController.swift; sourceTree = "<group>"; };
		FBBFD5372AA56D9F00F3757C /* Base */ = {isa = PBXFileReference; lastKnownFileType = file.storyboard; name = Base; path = Base.lproj/Main.storyboard; sourceTree = "<group>"; };
		FBBFD5392AA56D9F00F3757C /* Assets.xcassets */ = {isa = PBXFileReference; lastKnownFileType = folder.assetcatalog; path = Assets.xcassets; sourceTree = "<group>"; };
		FBBFD53C2AA56D9F00F3757C /* Base */ = {isa = PBXFileReference; lastKnownFileType = file.storyboard; name = Base; path = Base.lproj/LaunchScreen.storyboard; sourceTree = "<group>"; };
		FBBFD53E2AA56D9F00F3757C /* Info.plist */ = {isa = PBXFileReference; lastKnownFileType = text.plist.xml; path = Info.plist; sourceTree = "<group>"; };
		FBC0CF5E2AA57339006E3197 /* MainPage.storyboard */ = {isa = PBXFileReference; lastKnownFileType = file.storyboard; path = MainPage.storyboard; sourceTree = "<group>"; };
		FBC0CF602AA57349006E3197 /* MainPageViewController.swift */ = {isa = PBXFileReference; lastKnownFileType = sourcecode.swift; path = MainPageViewController.swift; sourceTree = "<group>"; };
		FBC0CF652AA57471006E3197 /* DetailPageViewController.swift */ = {isa = PBXFileReference; lastKnownFileType = sourcecode.swift; path = DetailPageViewController.swift; sourceTree = "<group>"; };
		FBC0CF672AA575AA006E3197 /* ProfilePageViewController.swift */ = {isa = PBXFileReference; lastKnownFileType = sourcecode.swift; path = ProfilePageViewController.swift; sourceTree = "<group>"; };
		FBC0CF6A2AA575E0006E3197 /* ProfilePage.storyboard */ = {isa = PBXFileReference; lastKnownFileType = file.storyboard; path = ProfilePage.storyboard; sourceTree = "<group>"; };
		FBC0CF6D2AA5782F006E3197 /* LoginPage.storyboard */ = {isa = PBXFileReference; lastKnownFileType = file.storyboard; path = LoginPage.storyboard; sourceTree = "<group>"; };
		FBC0CF6F2AA57839006E3197 /* LoginPage.swift */ = {isa = PBXFileReference; lastKnownFileType = sourcecode.swift; path = LoginPage.swift; sourceTree = "<group>"; };
		FBC9AF202AA6C244000F25F0 /* String +.swift */ = {isa = PBXFileReference; lastKnownFileType = sourcecode.swift; path = "String +.swift"; sourceTree = "<group>"; };
/* End PBXFileReference section */

/* Begin PBXFrameworksBuildPhase section */
		FBBFD52A2AA56D9F00F3757C /* Frameworks */ = {
			isa = PBXFrameworksBuildPhase;
			buildActionMask = 2147483647;
			files = (
				ECF5DC782AA9892B00D179A3 /* WebKit.framework in Frameworks */,
			);
			runOnlyForDeploymentPostprocessing = 0;
		};
/* End PBXFrameworksBuildPhase section */

/* Begin PBXGroup section */
		67EE45F92AA6DFAD00CFD729 /* Model */ = {
			isa = PBXGroup;
			children = (
				67EE45FA2AA6DFC500CFD729 /* UserModel.swift */,
				67EE45FC2AA6E01900CFD729 /* UserDataManager.swift */,
			);
			path = Model;
			sourceTree = "<group>";
		};
		ECF5DC762AA9892B00D179A3 /* Frameworks */ = {
			isa = PBXGroup;
			children = (
				ECF5DC772AA9892B00D179A3 /* WebKit.framework */,
			);
			name = Frameworks;
			sourceTree = "<group>";
		};
		FB6F8BFB2AA81528001EAEBB /* API */ = {
			isa = PBXGroup;
			children = (
				FB6F8BFC2AA8154A001EAEBB /* YoutubeApiModel.swift */,
				FB6F8BFE2AA81C72001EAEBB /* YoutubeApiManager.swift */,
			);
			path = API;
			sourceTree = "<group>";
		};
		FB6F8C032AA85E5B001EAEBB /* YoutubePage */ = {
			isa = PBXGroup;
			children = (
				671151932AA8ADAA0099C40B /* Secrets.swift */,
				FB6F8C042AA85E84001EAEBB /* YoutubePage.storyboard */,
				FB6F8C062AA85E9D001EAEBB /* YoutubePage.swift */,
				FB6F8C082AA86EE3001EAEBB /* YoutubeCell.swift */,
			);
			path = YoutubePage;
			sourceTree = "<group>";
		};
		FBBFD5242AA56D9F00F3757C = {
			isa = PBXGroup;
			children = (
				FBBFD52F2AA56D9F00F3757C /* YoutubeCloneApp */,
				FBBFD52E2AA56D9F00F3757C /* Products */,
				ECF5DC762AA9892B00D179A3 /* Frameworks */,
			);
			sourceTree = "<group>";
		};
		FBBFD52E2AA56D9F00F3757C /* Products */ = {
			isa = PBXGroup;
			children = (
				FBBFD52D2AA56D9F00F3757C /* YoutubeCloneApp.app */,
			);
			name = Products;
			sourceTree = "<group>";
		};
		FBBFD52F2AA56D9F00F3757C /* YoutubeCloneApp */ = {
			isa = PBXGroup;
			children = (
				FB6F8C032AA85E5B001EAEBB /* YoutubePage */,
				FB6F8BFB2AA81528001EAEBB /* API */,
				67EE45F92AA6DFAD00CFD729 /* Model */,
				FBC0CF6C2AA5781D006E3197 /* LoginPage */,
				FBC0CF692AA575B0006E3197 /* ProfilePage */,
				FBC0CF622AA57442006E3197 /* DetailPage */,
				FBC0CF592AA572BF006E3197 /* MainPage */,
				FBBFD5302AA56D9F00F3757C /* AppDelegate.swift */,
				FBBFD5322AA56D9F00F3757C /* SceneDelegate.swift */,
				4C1814A92AA9D6930026ADD3 /* Secrets.swift */,
				FBBFD5342AA56D9F00F3757C /* ViewController.swift */,
				FB6FCB922AA5E2900099DA49 /* Color+Extension.swift */,
				FBBFD5392AA56D9F00F3757C /* Assets.xcassets */,
				FBBFD53B2AA56D9F00F3757C /* LaunchScreen.storyboard */,
				FBBFD53E2AA56D9F00F3757C /* Info.plist */,
				FBBFD5362AA56D9F00F3757C /* Main.storyboard */,
			);
			path = YoutubeCloneApp;
			sourceTree = "<group>";
		};
		FBC0CF592AA572BF006E3197 /* MainPage */ = {
			isa = PBXGroup;
			children = (
				FBC0CF5E2AA57339006E3197 /* MainPage.storyboard */,
				FBC0CF602AA57349006E3197 /* MainPageViewController.swift */,
				4C1814AD2AA9DCBE0026ADD3 /* MainPageHeaderView.swift */,
				4C1814AB2AA9DAA00026ADD3 /* MainPageCell.swift */,
			);
			path = MainPage;
			sourceTree = "<group>";
		};
		FBC0CF622AA57442006E3197 /* DetailPage */ = {
			isa = PBXGroup;
			children = (
				FBC0CF652AA57471006E3197 /* DetailPageViewController.swift */,
				ECF5DC792AA98B5D00D179A3 /* DetailPage.storyboard */,
			);
			path = DetailPage;
			sourceTree = "<group>";
		};
		FBC0CF692AA575B0006E3197 /* ProfilePage */ = {
			isa = PBXGroup;
			children = (
				6713028E2AA5F69E00C5B0EE /* ProfileModel.swift */,
				FBC0CF6A2AA575E0006E3197 /* ProfilePage.storyboard */,
				FBC0CF672AA575AA006E3197 /* ProfilePageViewController.swift */,
				67EE45F72AA6B89D00CFD729 /* EditViewController.swift */,
				6713028C2AA5F54B00C5B0EE /* TableViewCell.swift */,
				67EE45F52AA6303600CFD729 /* HeaderTableViewCell.swift */,
				67EE45FE2AA708EF00CFD729 /* BottomTableViewCell.swift */,
			);
			path = ProfilePage;
			sourceTree = "<group>";
		};
		FBC0CF6C2AA5781D006E3197 /* LoginPage */ = {
			isa = PBXGroup;
			children = (
				FBC0CF6D2AA5782F006E3197 /* LoginPage.storyboard */,
				FBC0CF6F2AA57839006E3197 /* LoginPage.swift */,
				FB6FCB942AA623720099DA49 /* RegisterPage.swift */,
				FBC9AF202AA6C244000F25F0 /* String +.swift */,
			);
			path = LoginPage;
			sourceTree = "<group>";
		};
/* End PBXGroup section */

/* Begin PBXNativeTarget section */
		FBBFD52C2AA56D9F00F3757C /* YoutubeCloneApp */ = {
			isa = PBXNativeTarget;
			buildConfigurationList = FBBFD5412AA56D9F00F3757C /* Build configuration list for PBXNativeTarget "YoutubeCloneApp" */;
			buildPhases = (
				FBBFD5292AA56D9F00F3757C /* Sources */,
				FBBFD52A2AA56D9F00F3757C /* Frameworks */,
				FBBFD52B2AA56D9F00F3757C /* Resources */,
			);
			buildRules = (
			);
			dependencies = (
			);
			name = YoutubeCloneApp;
			productName = YoutubeCloneApp;
			productReference = FBBFD52D2AA56D9F00F3757C /* YoutubeCloneApp.app */;
			productType = "com.apple.product-type.application";
		};
/* End PBXNativeTarget section */

/* Begin PBXProject section */
		FBBFD5252AA56D9F00F3757C /* Project object */ = {
			isa = PBXProject;
			attributes = {
				BuildIndependentTargetsInParallel = 1;
				LastSwiftUpdateCheck = 1430;
				LastUpgradeCheck = 1430;
				TargetAttributes = {
					FBBFD52C2AA56D9F00F3757C = {
						CreatedOnToolsVersion = 14.3.1;
					};
				};
			};
			buildConfigurationList = FBBFD5282AA56D9F00F3757C /* Build configuration list for PBXProject "YoutubeCloneApp" */;
			compatibilityVersion = "Xcode 14.0";
			developmentRegion = en;
			hasScannedForEncodings = 0;
			knownRegions = (
				en,
				Base,
			);
			mainGroup = FBBFD5242AA56D9F00F3757C;
			productRefGroup = FBBFD52E2AA56D9F00F3757C /* Products */;
			projectDirPath = "";
			projectRoot = "";
			targets = (
				FBBFD52C2AA56D9F00F3757C /* YoutubeCloneApp */,
			);
		};
/* End PBXProject section */

/* Begin PBXResourcesBuildPhase section */
		FBBFD52B2AA56D9F00F3757C /* Resources */ = {
			isa = PBXResourcesBuildPhase;
			buildActionMask = 2147483647;
			files = (
				FBC0CF6E2AA5782F006E3197 /* LoginPage.storyboard in Resources */,
				FBC0CF5F2AA57339006E3197 /* MainPage.storyboard in Resources */,
				FBC0CF6B2AA575E0006E3197 /* ProfilePage.storyboard in Resources */,
				FBBFD53D2AA56D9F00F3757C /* LaunchScreen.storyboard in Resources */,
				ECF5DC7A2AA98B5D00D179A3 /* DetailPage.storyboard in Resources */,
				FBBFD53A2AA56D9F00F3757C /* Assets.xcassets in Resources */,
				FBBFD5382AA56D9F00F3757C /* Main.storyboard in Resources */,
				FB6F8C052AA85E84001EAEBB /* YoutubePage.storyboard in Resources */,
			);
			runOnlyForDeploymentPostprocessing = 0;
		};
/* End PBXResourcesBuildPhase section */

/* Begin PBXSourcesBuildPhase section */
		FBBFD5292AA56D9F00F3757C /* Sources */ = {
			isa = PBXSourcesBuildPhase;
			buildActionMask = 2147483647;
			files = (
				67EE45FD2AA6E01900CFD729 /* UserDataManager.swift in Sources */,
				4C1814AC2AA9DAA00026ADD3 /* MainPageCell.swift in Sources */,
				6713028F2AA5F69E00C5B0EE /* ProfileModel.swift in Sources */,
				FB6FCB952AA623720099DA49 /* RegisterPage.swift in Sources */,
				FBC0CF682AA575AA006E3197 /* ProfilePageViewController.swift in Sources */,
				FB6F8C072AA85E9D001EAEBB /* YoutubePage.swift in Sources */,
				FB6F8BFD2AA8154A001EAEBB /* YoutubeApiModel.swift in Sources */,
				67EE45FF2AA708EF00CFD729 /* BottomTableViewCell.swift in Sources */,
				6713028D2AA5F54B00C5B0EE /* TableViewCell.swift in Sources */,
				FBC0CF612AA57349006E3197 /* MainPageViewController.swift in Sources */,
				FBC9AF212AA6C244000F25F0 /* String +.swift in Sources */,
				FB6F8C092AA86EE3001EAEBB /* YoutubeCell.swift in Sources */,
				FBBFD5352AA56D9F00F3757C /* ViewController.swift in Sources */,
				67EE45FB2AA6DFC500CFD729 /* UserModel.swift in Sources */,
				FB6F8BFF2AA81C72001EAEBB /* YoutubeApiManager.swift in Sources */,
				67EE45F62AA6303600CFD729 /* HeaderTableViewCell.swift in Sources */,
				FBBFD5312AA56D9F00F3757C /* AppDelegate.swift in Sources */,
				4C1814AE2AA9DCBE0026ADD3 /* MainPageHeaderView.swift in Sources */,
				FBC0CF702AA57839006E3197 /* LoginPage.swift in Sources */,
				67EE45F82AA6B89D00CFD729 /* EditViewController.swift in Sources */,
				FBC0CF662AA57471006E3197 /* DetailPageViewController.swift in Sources */,
				FBBFD5332AA56D9F00F3757C /* SceneDelegate.swift in Sources */,
				FB6FCB932AA5E2900099DA49 /* Color+Extension.swift in Sources */,
				671151942AA8ADAA0099C40B /* Secrets.swift in Sources */,
				4C1814AA2AA9D6930026ADD3 /* Secrets.swift in Sources */,
			);
			runOnlyForDeploymentPostprocessing = 0;
		};
/* End PBXSourcesBuildPhase section */

/* Begin PBXVariantGroup section */
		FBBFD5362AA56D9F00F3757C /* Main.storyboard */ = {
			isa = PBXVariantGroup;
			children = (
				FBBFD5372AA56D9F00F3757C /* Base */,
			);
			name = Main.storyboard;
			sourceTree = "<group>";
		};
		FBBFD53B2AA56D9F00F3757C /* LaunchScreen.storyboard */ = {
			isa = PBXVariantGroup;
			children = (
				FBBFD53C2AA56D9F00F3757C /* Base */,
			);
			name = LaunchScreen.storyboard;
			sourceTree = "<group>";
		};
/* End PBXVariantGroup section */

/* Begin XCBuildConfiguration section */
		FBBFD53F2AA56D9F00F3757C /* Debug */ = {
			isa = XCBuildConfiguration;
			buildSettings = {
				ALWAYS_SEARCH_USER_PATHS = NO;
				CLANG_ANALYZER_NONNULL = YES;
				CLANG_ANALYZER_NUMBER_OBJECT_CONVERSION = YES_AGGRESSIVE;
				CLANG_CXX_LANGUAGE_STANDARD = "gnu++20";
				CLANG_ENABLE_MODULES = YES;
				CLANG_ENABLE_OBJC_ARC = YES;
				CLANG_ENABLE_OBJC_WEAK = YES;
				CLANG_WARN_BLOCK_CAPTURE_AUTORELEASING = YES;
				CLANG_WARN_BOOL_CONVERSION = YES;
				CLANG_WARN_COMMA = YES;
				CLANG_WARN_CONSTANT_CONVERSION = YES;
				CLANG_WARN_DEPRECATED_OBJC_IMPLEMENTATIONS = YES;
				CLANG_WARN_DIRECT_OBJC_ISA_USAGE = YES_ERROR;
				CLANG_WARN_DOCUMENTATION_COMMENTS = YES;
				CLANG_WARN_EMPTY_BODY = YES;
				CLANG_WARN_ENUM_CONVERSION = YES;
				CLANG_WARN_INFINITE_RECURSION = YES;
				CLANG_WARN_INT_CONVERSION = YES;
				CLANG_WARN_NON_LITERAL_NULL_CONVERSION = YES;
				CLANG_WARN_OBJC_IMPLICIT_RETAIN_SELF = YES;
				CLANG_WARN_OBJC_LITERAL_CONVERSION = YES;
				CLANG_WARN_OBJC_ROOT_CLASS = YES_ERROR;
				CLANG_WARN_QUOTED_INCLUDE_IN_FRAMEWORK_HEADER = YES;
				CLANG_WARN_RANGE_LOOP_ANALYSIS = YES;
				CLANG_WARN_STRICT_PROTOTYPES = YES;
				CLANG_WARN_SUSPICIOUS_MOVE = YES;
				CLANG_WARN_UNGUARDED_AVAILABILITY = YES_AGGRESSIVE;
				CLANG_WARN_UNREACHABLE_CODE = YES;
				CLANG_WARN__DUPLICATE_METHOD_MATCH = YES;
				COPY_PHASE_STRIP = NO;
				DEBUG_INFORMATION_FORMAT = dwarf;
				ENABLE_STRICT_OBJC_MSGSEND = YES;
				ENABLE_TESTABILITY = YES;
				GCC_C_LANGUAGE_STANDARD = gnu11;
				GCC_DYNAMIC_NO_PIC = NO;
				GCC_NO_COMMON_BLOCKS = YES;
				GCC_OPTIMIZATION_LEVEL = 0;
				GCC_PREPROCESSOR_DEFINITIONS = (
					"DEBUG=1",
					"$(inherited)",
				);
				GCC_WARN_64_TO_32_BIT_CONVERSION = YES;
				GCC_WARN_ABOUT_RETURN_TYPE = YES_ERROR;
				GCC_WARN_UNDECLARED_SELECTOR = YES;
				GCC_WARN_UNINITIALIZED_AUTOS = YES_AGGRESSIVE;
				GCC_WARN_UNUSED_FUNCTION = YES;
				GCC_WARN_UNUSED_VARIABLE = YES;
				IPHONEOS_DEPLOYMENT_TARGET = 14.0;
				MTL_ENABLE_DEBUG_INFO = INCLUDE_SOURCE;
				MTL_FAST_MATH = YES;
				ONLY_ACTIVE_ARCH = YES;
				SDKROOT = iphoneos;
				SWIFT_ACTIVE_COMPILATION_CONDITIONS = DEBUG;
				SWIFT_OPTIMIZATION_LEVEL = "-Onone";
			};
			name = Debug;
		};
		FBBFD5402AA56D9F00F3757C /* Release */ = {
			isa = XCBuildConfiguration;
			buildSettings = {
				ALWAYS_SEARCH_USER_PATHS = NO;
				CLANG_ANALYZER_NONNULL = YES;
				CLANG_ANALYZER_NUMBER_OBJECT_CONVERSION = YES_AGGRESSIVE;
				CLANG_CXX_LANGUAGE_STANDARD = "gnu++20";
				CLANG_ENABLE_MODULES = YES;
				CLANG_ENABLE_OBJC_ARC = YES;
				CLANG_ENABLE_OBJC_WEAK = YES;
				CLANG_WARN_BLOCK_CAPTURE_AUTORELEASING = YES;
				CLANG_WARN_BOOL_CONVERSION = YES;
				CLANG_WARN_COMMA = YES;
				CLANG_WARN_CONSTANT_CONVERSION = YES;
				CLANG_WARN_DEPRECATED_OBJC_IMPLEMENTATIONS = YES;
				CLANG_WARN_DIRECT_OBJC_ISA_USAGE = YES_ERROR;
				CLANG_WARN_DOCUMENTATION_COMMENTS = YES;
				CLANG_WARN_EMPTY_BODY = YES;
				CLANG_WARN_ENUM_CONVERSION = YES;
				CLANG_WARN_INFINITE_RECURSION = YES;
				CLANG_WARN_INT_CONVERSION = YES;
				CLANG_WARN_NON_LITERAL_NULL_CONVERSION = YES;
				CLANG_WARN_OBJC_IMPLICIT_RETAIN_SELF = YES;
				CLANG_WARN_OBJC_LITERAL_CONVERSION = YES;
				CLANG_WARN_OBJC_ROOT_CLASS = YES_ERROR;
				CLANG_WARN_QUOTED_INCLUDE_IN_FRAMEWORK_HEADER = YES;
				CLANG_WARN_RANGE_LOOP_ANALYSIS = YES;
				CLANG_WARN_STRICT_PROTOTYPES = YES;
				CLANG_WARN_SUSPICIOUS_MOVE = YES;
				CLANG_WARN_UNGUARDED_AVAILABILITY = YES_AGGRESSIVE;
				CLANG_WARN_UNREACHABLE_CODE = YES;
				CLANG_WARN__DUPLICATE_METHOD_MATCH = YES;
				COPY_PHASE_STRIP = NO;
				DEBUG_INFORMATION_FORMAT = "dwarf-with-dsym";
				ENABLE_NS_ASSERTIONS = NO;
				ENABLE_STRICT_OBJC_MSGSEND = YES;
				GCC_C_LANGUAGE_STANDARD = gnu11;
				GCC_NO_COMMON_BLOCKS = YES;
				GCC_WARN_64_TO_32_BIT_CONVERSION = YES;
				GCC_WARN_ABOUT_RETURN_TYPE = YES_ERROR;
				GCC_WARN_UNDECLARED_SELECTOR = YES;
				GCC_WARN_UNINITIALIZED_AUTOS = YES_AGGRESSIVE;
				GCC_WARN_UNUSED_FUNCTION = YES;
				GCC_WARN_UNUSED_VARIABLE = YES;
				IPHONEOS_DEPLOYMENT_TARGET = 14.0;
				MTL_ENABLE_DEBUG_INFO = NO;
				MTL_FAST_MATH = YES;
				SDKROOT = iphoneos;
				SWIFT_COMPILATION_MODE = wholemodule;
				SWIFT_OPTIMIZATION_LEVEL = "-O";
				VALIDATE_PRODUCT = YES;
			};
			name = Release;
		};
		FBBFD5422AA56D9F00F3757C /* Debug */ = {
			isa = XCBuildConfiguration;
			buildSettings = {
				ASSETCATALOG_COMPILER_APPICON_NAME = AppIcon;
				ASSETCATALOG_COMPILER_GLOBAL_ACCENT_COLOR_NAME = AccentColor;
				ASSETCATALOG_COMPILER_INCLUDE_ALL_APPICON_ASSETS = YES;
				CODE_SIGN_STYLE = Automatic;
				CURRENT_PROJECT_VERSION = 1;
				DEVELOPMENT_TEAM = "";
				GENERATE_INFOPLIST_FILE = YES;
				INFOPLIST_FILE = YoutubeCloneApp/Info.plist;
				INFOPLIST_KEY_UIApplicationSupportsIndirectInputEvents = YES;
				INFOPLIST_KEY_UILaunchStoryboardName = DetailPage.storyboar;
				INFOPLIST_KEY_UIMainStoryboardFile = Main;
				INFOPLIST_KEY_UIStatusBarStyle = "";
				INFOPLIST_KEY_UISupportedInterfaceOrientations_iPad = "UIInterfaceOrientationPortrait UIInterfaceOrientationPortraitUpsideDown UIInterfaceOrientationLandscapeLeft UIInterfaceOrientationLandscapeRight";
				INFOPLIST_KEY_UISupportedInterfaceOrientations_iPhone = "UIInterfaceOrientationPortrait UIInterfaceOrientationLandscapeLeft UIInterfaceOrientationLandscapeRight";
				IPHONEOS_DEPLOYMENT_TARGET = 16.4;
				LD_RUNPATH_SEARCH_PATHS = (
					"$(inherited)",
					"@executable_path/Frameworks",
				);
				MARKETING_VERSION = 1.0;
				PRODUCT_BUNDLE_IDENTIFIER = com.luna.YoutubeCloneApp;
				PRODUCT_NAME = "$(TARGET_NAME)";
				SWIFT_EMIT_LOC_STRINGS = YES;
				SWIFT_VERSION = 5.0;
				TARGETED_DEVICE_FAMILY = 1;
			};
			name = Debug;
		};
		FBBFD5432AA56D9F00F3757C /* Release */ = {
			isa = XCBuildConfiguration;
			buildSettings = {
				ASSETCATALOG_COMPILER_APPICON_NAME = AppIcon;
				ASSETCATALOG_COMPILER_GLOBAL_ACCENT_COLOR_NAME = AccentColor;
				ASSETCATALOG_COMPILER_INCLUDE_ALL_APPICON_ASSETS = YES;
				CODE_SIGN_STYLE = Automatic;
				CURRENT_PROJECT_VERSION = 1;
				DEVELOPMENT_TEAM = "";
				GENERATE_INFOPLIST_FILE = YES;
				INFOPLIST_FILE = YoutubeCloneApp/Info.plist;
				INFOPLIST_KEY_UIApplicationSupportsIndirectInputEvents = YES;
				INFOPLIST_KEY_UILaunchStoryboardName = DetailPage.storyboar;
				INFOPLIST_KEY_UIMainStoryboardFile = Main;
				INFOPLIST_KEY_UIStatusBarStyle = "";
				INFOPLIST_KEY_UISupportedInterfaceOrientations_iPad = "UIInterfaceOrientationPortrait UIInterfaceOrientationPortraitUpsideDown UIInterfaceOrientationLandscapeLeft UIInterfaceOrientationLandscapeRight";
				INFOPLIST_KEY_UISupportedInterfaceOrientations_iPhone = "UIInterfaceOrientationPortrait UIInterfaceOrientationLandscapeLeft UIInterfaceOrientationLandscapeRight";
				IPHONEOS_DEPLOYMENT_TARGET = 16.4;
				LD_RUNPATH_SEARCH_PATHS = (
					"$(inherited)",
					"@executable_path/Frameworks",
				);
				MARKETING_VERSION = 1.0;
				PRODUCT_BUNDLE_IDENTIFIER = com.luna.YoutubeCloneApp;
				PRODUCT_NAME = "$(TARGET_NAME)";
				SWIFT_EMIT_LOC_STRINGS = YES;
				SWIFT_VERSION = 5.0;
				TARGETED_DEVICE_FAMILY = 1;
			};
			name = Release;
		};
/* End XCBuildConfiguration section */

/* Begin XCConfigurationList section */
		FBBFD5282AA56D9F00F3757C /* Build configuration list for PBXProject "YoutubeCloneApp" */ = {
			isa = XCConfigurationList;
			buildConfigurations = (
				FBBFD53F2AA56D9F00F3757C /* Debug */,
				FBBFD5402AA56D9F00F3757C /* Release */,
			);
			defaultConfigurationIsVisible = 0;
			defaultConfigurationName = Release;
		};
		FBBFD5412AA56D9F00F3757C /* Build configuration list for PBXNativeTarget "YoutubeCloneApp" */ = {
			isa = XCConfigurationList;
			buildConfigurations = (
				FBBFD5422AA56D9F00F3757C /* Debug */,
				FBBFD5432AA56D9F00F3757C /* Release */,
			);
			defaultConfigurationIsVisible = 0;
			defaultConfigurationName = Release;
		};
/* End XCConfigurationList section */
	};
	rootObject = FBBFD5252AA56D9F00F3757C /* Project object */;
}
